
Microsoft Visual Studio Solution File, Format Version 12.00
# Visual Studio Version 17
VisualStudioVersion = 17.9.34728.123
MinimumVisualStudioVersion = 10.0.40219.1
Project("{9A19103F-16F7-4668-BE54-9A1E7A4F7556}") = "EventsWebApp.Server", "EventsWebApp.Server\EventsWebApp.Server.csproj", "{19A442DB-65CF-4FB3-AFBB-8CBBE0394F40}"
EndProject
Project("{54A90642-561A-4BB1-A94E-469ADEE60C69}") = "eventswebapp.client", "eventswebapp.client\eventswebapp.client.esproj", "{4AC84A63-BF44-43C0-BD24-25D6B29F9C74}"
EndProject
Project("{9A19103F-16F7-4668-BE54-9A1E7A4F7556}") = "EventsWebApp.Application", "EventsWebApp.Application\EventsWebApp.Application.csproj", "{69B400D3-95BD-4523-AA9B-ED2A0DB034E9}"
EndProject
Project("{9A19103F-16F7-4668-BE54-9A1E7A4F7556}") = "EventsWebApp.Domain", "EventsWebApp.Domain\EventsWebApp.Domain.csproj", "{A6E80591-78F2-422D-B09F-D2A62433F2F0}"
EndProject
Project("{9A19103F-16F7-4668-BE54-9A1E7A4F7556}") = "EventsWebApp.Infrastructure", "EventsWebApp.Infrastructure\EventsWebApp.Infrastructure.csproj", "{DA868587-ABD8-45E5-B53F-07B84E131F10}"
EndProject
Project("{FAE04EC0-301F-11D3-BF4B-00C04F79EFBC}") = "EventsWebApp.Tests", "EventsWebApp.Tests\EventsWebApp.Tests.csproj", "{AFE1500A-2CDC-4CEE-8622-7EB0843E5E15}"
EndProject
Global
	GlobalSection(SolutionConfigurationPlatforms) = preSolution
		Debug|Any CPU = Debug|Any CPU
		Release|Any CPU = Release|Any CPU
	EndGlobalSection
	GlobalSection(ProjectConfigurationPlatforms) = postSolution
		{19A442DB-65CF-4FB3-AFBB-8CBBE0394F40}.Debug|Any CPU.ActiveCfg = Debug|Any CPU
		{19A442DB-65CF-4FB3-AFBB-8CBBE0394F40}.Debug|Any CPU.Build.0 = Debug|Any CPU
		{19A442DB-65CF-4FB3-AFBB-8CBBE0394F40}.Release|Any CPU.ActiveCfg = Release|Any CPU
		{19A442DB-65CF-4FB3-AFBB-8CBBE0394F40}.Release|Any CPU.Build.0 = Release|Any CPU
		{4AC84A63-BF44-43C0-BD24-25D6B29F9C74}.Debug|Any CPU.ActiveCfg = Debug|Any CPU
		{4AC84A63-BF44-43C0-BD24-25D6B29F9C74}.Debug|Any CPU.Build.0 = Debug|Any CPU
		{4AC84A63-BF44-43C0-BD24-25D6B29F9C74}.Debug|Any CPU.Deploy.0 = Debug|Any CPU
		{4AC84A63-BF44-43C0-BD24-25D6B29F9C74}.Release|Any CPU.ActiveCfg = Release|Any CPU
		{4AC84A63-BF44-43C0-BD24-25D6B29F9C74}.Release|Any CPU.Build.0 = Release|Any CPU
		{4AC84A63-BF44-43C0-BD24-25D6B29F9C74}.Release|Any CPU.Deploy.0 = Release|Any CPU
		{69B400D3-95BD-4523-AA9B-ED2A0DB034E9}.Debug|Any CPU.ActiveCfg = Debug|Any CPU
		{69B400D3-95BD-4523-AA9B-ED2A0DB034E9}.Debug|Any CPU.Build.0 = Debug|Any CPU
		{69B400D3-95BD-4523-AA9B-ED2A0DB034E9}.Release|Any CPU.ActiveCfg = Release|Any CPU
		{69B400D3-95BD-4523-AA9B-ED2A0DB034E9}.Release|Any CPU.Build.0 = Release|Any CPU
		{A6E80591-78F2-422D-B09F-D2A62433F2F0}.Debug|Any CPU.ActiveCfg = Debug|Any CPU
		{A6E80591-78F2-422D-B09F-D2A62433F2F0}.Debug|Any CPU.Build.0 = Debug|Any CPU
		{A6E80591-78F2-422D-B09F-D2A62433F2F0}.Release|Any CPU.ActiveCfg = Release|Any CPU
		{A6E80591-78F2-422D-B09F-D2A62433F2F0}.Release|Any CPU.Build.0 = Release|Any CPU
		{DA868587-ABD8-45E5-B53F-07B84E131F10}.Debug|Any CPU.ActiveCfg = Debug|Any CPU
		{DA868587-ABD8-45E5-B53F-07B84E131F10}.Debug|Any CPU.Build.0 = Debug|Any CPU
		{DA868587-ABD8-45E5-B53F-07B84E131F10}.Release|Any CPU.ActiveCfg = Release|Any CPU
		{DA868587-ABD8-45E5-B53F-07B84E131F10}.Release|Any CPU.Build.0 = Release|Any CPU
		{AFE1500A-2CDC-4CEE-8622-7EB0843E5E15}.Debug|Any CPU.ActiveCfg = Debug|Any CPU
		{AFE1500A-2CDC-4CEE-8622-7EB0843E5E15}.Debug|Any CPU.Build.0 = Debug|Any CPU
		{AFE1500A-2CDC-4CEE-8622-7EB0843E5E15}.Release|Any CPU.ActiveCfg = Release|Any CPU
		{AFE1500A-2CDC-4CEE-8622-7EB0843E5E15}.Release|Any CPU.Build.0 = Release|Any CPU
	EndGlobalSection
	GlobalSection(SolutionProperties) = preSolution
		HideSolutionNode = FALSE
	EndGlobalSection
	GlobalSection(ExtensibilityGlobals) = postSolution
		SolutionGuid = {6030A36E-DB7E-47F7-9AC3-DFA4F006E001}
	EndGlobalSection
EndGlobal
